# Docker Compose file Reference (https://docs.docker.com/compose/compose-file/)
version: '3.8'
networks:
  keycloak:
    name: auth
volumes:
  postgres_data:
    driver: local
# Define services
services:
  # Database Service (Postgres) for Keycloak
  keycloak-db:
    image: postgres
    container_name: keycloak-db
    volumes:
      - postgres_data:/var/lib/postgresql/data
    environment:
      POSTGRES_DB: keycloak
      POSTGRES_USER: keycloak
      POSTGRES_PASSWORD: password
    ports:
      - "5433:5432"
    networks:
      - keycloak
  # Auth service
  keycloak:
    image: quay.io/keycloak/keycloak:latest
    container_name: keycloak
    environment:
      DB_VENDOR: POSTGRES
      DB_ADDR: keycloak-db
      DB_DATABASE: keycloak
      DB_USER: keycloak
      DB_SCHEMA: public
      DB_PASSWORD: password
      KEYCLOAK_USER: admin
      KEYCLOAK_PASSWORD: Pa55w0rd
    ports:
      - "8081:8080"
    networks:
      - keycloak
    depends_on:
      - keycloak-db
